
Microsoft Visual Studio Solution File, Format Version 12.00
# Visual Studio 15
VisualStudioVersion = 15.0.28010.2016
MinimumVisualStudioVersion = 10.0.40219.1
Project("{FAE04EC0-301F-11D3-BF4B-00C04F79EFBC}") = "pkm", "pkm\pkm.csproj", "{AD880D29-57E5-42D7-8A78-2E00F9E1C28F}"
EndProject
Global
	GlobalSection(SolutionConfigurationPlatforms) = preSolution
		Debug|Any CPU = Debug|Any CPU
		Release|Any CPU = Release|Any CPU
	EndGlobalSection
	GlobalSection(ProjectConfigurationPlatforms) = postSolution
		{AD880D29-57E5-42D7-8A78-2E00F9E1C28F}.Debug|Any CPU.ActiveCfg = Debug|Any CPU
		{AD880D29-57E5-42D7-8A78-2E00F9E1C28F}.Debug|Any CPU.Build.0 = Debug|Any CPU
		{AD880D29-57E5-42D7-8A78-2E00F9E1C28F}.Release|Any CPU.ActiveCfg = Release|Any CPU
		{AD880D29-57E5-42D7-8A78-2E00F9E1C28F}.Release|Any CPU.Build.0 = Release|Any CPU
	EndGlobalSection
	GlobalSection(SolutionProperties) = preSolution
		HideSolutionNode = FALSE
	EndGlobalSection
	GlobalSection(ExtensibilityGlobals) = postSolution
		SolutionGuid = {4B800BD4-F3C0-4C61-836D-A78484F20FF4}
	EndGlobalSection
EndGlobal
