
Microsoft Visual Studio Solution File, Format Version 12.00
# Visual Studio 15
VisualStudioVersion = 15.0.28010.2003
MinimumVisualStudioVersion = 10.0.40219.1
Project("{FAE04EC0-301F-11D3-BF4B-00C04F79EFBC}") = "ONPE", "ONPE\ONPE.csproj", "{A00CF49B-9D83-4522-A852-8C62EA533256}"
EndProject
Global
	GlobalSection(SolutionConfigurationPlatforms) = preSolution
		Debug|Any CPU = Debug|Any CPU
		Release|Any CPU = Release|Any CPU
	EndGlobalSection
	GlobalSection(ProjectConfigurationPlatforms) = postSolution
		{A00CF49B-9D83-4522-A852-8C62EA533256}.Debug|Any CPU.ActiveCfg = Debug|Any CPU
		{A00CF49B-9D83-4522-A852-8C62EA533256}.Debug|Any CPU.Build.0 = Debug|Any CPU
		{A00CF49B-9D83-4522-A852-8C62EA533256}.Release|Any CPU.ActiveCfg = Release|Any CPU
		{A00CF49B-9D83-4522-A852-8C62EA533256}.Release|Any CPU.Build.0 = Release|Any CPU
	EndGlobalSection
	GlobalSection(SolutionProperties) = preSolution
		HideSolutionNode = FALSE
	EndGlobalSection
	GlobalSection(ExtensibilityGlobals) = postSolution
		SolutionGuid = {F7854C40-375D-4616-94BA-59FABEB0741A}
	EndGlobalSection
EndGlobal
