
Microsoft Visual Studio Solution File, Format Version 12.00
# Visual Studio 15
VisualStudioVersion = 15.0.28010.2003
MinimumVisualStudioVersion = 10.0.40219.1
Project("{FAE04EC0-301F-11D3-BF4B-00C04F79EFBC}") = "ExpresionLiteralDeUnNumero", "ExpresionLiteralDeUnNumero\ExpresionLiteralDeUnNumero.csproj", "{BC939A94-45D3-4506-B8B9-B55300CC6B12}"
EndProject
Global
	GlobalSection(SolutionConfigurationPlatforms) = preSolution
		Debug|Any CPU = Debug|Any CPU
		Release|Any CPU = Release|Any CPU
	EndGlobalSection
	GlobalSection(ProjectConfigurationPlatforms) = postSolution
		{BC939A94-45D3-4506-B8B9-B55300CC6B12}.Debug|Any CPU.ActiveCfg = Debug|Any CPU
		{BC939A94-45D3-4506-B8B9-B55300CC6B12}.Debug|Any CPU.Build.0 = Debug|Any CPU
		{BC939A94-45D3-4506-B8B9-B55300CC6B12}.Release|Any CPU.ActiveCfg = Release|Any CPU
		{BC939A94-45D3-4506-B8B9-B55300CC6B12}.Release|Any CPU.Build.0 = Release|Any CPU
	EndGlobalSection
	GlobalSection(SolutionProperties) = preSolution
		HideSolutionNode = FALSE
	EndGlobalSection
	GlobalSection(ExtensibilityGlobals) = postSolution
		SolutionGuid = {66186C34-EB19-40FE-8EAB-227157B4815F}
	EndGlobalSection
EndGlobal
