
Microsoft Visual Studio Solution File, Format Version 12.00
# Visual Studio 15
VisualStudioVersion = 15.0.28010.2019
MinimumVisualStudioVersion = 10.0.40219.1
Project("{FAE04EC0-301F-11D3-BF4B-00C04F79EFBC}") = "Pokemon", "Pokemon\Pokemon.csproj", "{10B04F29-C035-400A-B150-C8407CA5F871}"
EndProject
Global
	GlobalSection(SolutionConfigurationPlatforms) = preSolution
		Debug|Any CPU = Debug|Any CPU
		Release|Any CPU = Release|Any CPU
	EndGlobalSection
	GlobalSection(ProjectConfigurationPlatforms) = postSolution
		{10B04F29-C035-400A-B150-C8407CA5F871}.Debug|Any CPU.ActiveCfg = Debug|Any CPU
		{10B04F29-C035-400A-B150-C8407CA5F871}.Debug|Any CPU.Build.0 = Debug|Any CPU
		{10B04F29-C035-400A-B150-C8407CA5F871}.Release|Any CPU.ActiveCfg = Release|Any CPU
		{10B04F29-C035-400A-B150-C8407CA5F871}.Release|Any CPU.Build.0 = Release|Any CPU
	EndGlobalSection
	GlobalSection(SolutionProperties) = preSolution
		HideSolutionNode = FALSE
	EndGlobalSection
	GlobalSection(ExtensibilityGlobals) = postSolution
		SolutionGuid = {AAD6DEC3-4CD5-4C7D-9C68-AD84892D242B}
	EndGlobalSection
EndGlobal
